{
    "_readme": [
        "This file locks the dependencies of your project to a known state",
        "Read more about it at https://getcomposer.org/doc/01-basic-usage.md#composer-lock-the-lock-file",
        "This file is @generated automatically"
    ],
    "hash": "cd5efdadc7e7f2e305b7375135d8a079",
    "packages": [
        {
            "name": "crisu83/yiistrap",
            "version": "dev-develop",
            "source": {
                "type": "git",
                "url": "https://github.com/crisu83/yiistrap.git",
                "reference": "98ba4b081070c6285be26ef676106608edfe40ea"
            },
            "dist": {
                "type": "zip",
                "url": "https://api.github.com/repos/crisu83/yiistrap/zipball/98ba4b081070c6285be26ef676106608edfe40ea",
                "reference": "98ba4b081070c6285be26ef676106608edfe40ea",
                "shasum": ""
            },
            "require": {
                "twbs/bootstrap": ">=3.3.0"
            },
            "require-dev": {
                "apigen/apigen": "~4.0",
                "codeception/codeception": "@stable",
                "crisu83/yii-composer": ">=1.0.0",
                "yiisoft/yii": ">=1.1.13"
            },
            "type": "library",
            "extra": {
                "branch-alias": {
                    "dev-develop": "2.0.x-dev"
                },
                "yii-install-writable": [
                    "tests/_log"
                ]
            },
            "autoload": {
                "classmap": [
                    "behaviors/",
                    "components/",
                    "form/",
                    "helpers/",
                    "widgets/",
                    "gii/bootstrap/BootstrapCode.php"
                ]
            },
            "notification-url": "https://packagist.org/downloads/",
            "license": [
                "BSD-3-Clause"
            ],
            "authors": [
                {
                    "name": "Christoffer Niska",
                    "email": "christoffer.niska@gmail.com",
                    "homepage": "http://www.cniska.net/"
                },
                {
                    "name": "Antonio Ramirez",
                    "email": "ramirez.cobos@gmail.com",
                    "homepage": "http://www.ramirezcobos.com/"
                }
            ],
            "description": "Twitter Bootstrap for the Yii PHP framework.",
            "keywords": [
                "bootstrap",
                "yii"
            ],
            "time": "2015-04-17 07:37:12"
        },
        {
            "name": "monolog/monolog",
            "version": "1.0.2",
            "source": {
                "type": "git",
                "url": "https://github.com/Seldaek/monolog.git",
                "reference": "b704c49a3051536f67f2d39f13568f74615b9922"
            },
            "dist": {
                "type": "zip",
                "url": "https://api.github.com/repos/Seldaek/monolog/zipball/b704c49a3051536f67f2d39f13568f74615b9922",
                "reference": "b704c49a3051536f67f2d39f13568f74615b9922",
                "shasum": ""
            },
            "require": {
                "php": ">=5.3.0"
            },
            "type": "library",
            "autoload": {
                "psr-0": {
                    "Monolog": "src/"
                }
            },
            "notification-url": "https://packagist.org/downloads/",
            "license": [
                "MIT"
            ],
            "authors": [
                {
                    "name": "Jordi Boggiano",
                    "email": "j.boggiano@seld.be",
                    "homepage": "http://seld.be",
                    "role": "Developer"
                }
            ],
            "description": "Logging for PHP 5.3",
            "homepage": "http://github.com/Seldaek/monolog",
            "keywords": [
                "log",
                "logging"
            ],
            "time": "2011-10-24 09:39:02"
        },
        {
            "name": "php-console/php-console",
            "version": "3.1.3",
            "source": {
                "type": "git",
                "url": "https://github.com/barbushin/php-console.git",
                "reference": "ef0e953214093196866edb536d6b64f106332820"
            },
            "dist": {
                "type": "zip",
                "url": "https://api.github.com/repos/barbushin/php-console/zipball/ef0e953214093196866edb536d6b64f106332820",
                "reference": "ef0e953214093196866edb536d6b64f106332820",
                "shasum": ""
            },
            "require": {
                "php": ">=5.3.0"
            },
            "suggest": {
                "php-console/laravel-service-provider": "*",
                "php-console/silex-service-provider": "*"
            },
            "type": "library",
            "extra": {
                "branch-alias": {
                    "dev-master": "3.x-dev"
                }
            },
            "autoload": {
                "psr-0": {
                    "PhpConsole": "src/"
                }
            },
            "notification-url": "https://packagist.org/downloads/",
            "license": [
                "BSD 3-Clause"
            ],
            "authors": [
                {
                    "name": "Sergey Barbushin",
                    "email": "barbushin@gmail.com",
                    "homepage": "http://linkedin.com/in/barbushin"
                }
            ],
            "description": "Server side PHP library for Google Chrome extension \"PHP Console\".",
            "homepage": "https://github.com/barbushin/php-console",
            "keywords": [
                "chrome",
                "debug",
                "error handler",
                "errors",
                "google chrome",
                "php"
            ],
            "time": "2015-03-30 15:37:37"
        },
        {
            "name": "twbs/bootstrap",
            "version": "v3.3.4",
            "source": {
                "type": "git",
                "url": "https://github.com/twbs/bootstrap.git",
                "reference": "a10eb60bc0b07b747fa0c4ebd8821eb7307bd07f"
            },
            "dist": {
                "type": "zip",
                "url": "https://api.github.com/repos/twbs/bootstrap/zipball/a10eb60bc0b07b747fa0c4ebd8821eb7307bd07f",
                "reference": "a10eb60bc0b07b747fa0c4ebd8821eb7307bd07f",
                "shasum": ""
            },
            "replace": {
                "twitter/bootstrap": "self.version"
            },
            "type": "library",
            "extra": {
                "branch-alias": {
                    "dev-master": "3.3.x-dev"
                }
            },
            "notification-url": "https://packagist.org/downloads/",
            "license": [
                "MIT"
            ],
            "authors": [
                {
                    "name": "Jacob Thornton",
                    "email": "jacobthornton@gmail.com"
                },
                {
                    "name": "Mark Otto",
                    "email": "markdotto@gmail.com"
                }
            ],
            "description": "The most popular front-end framework for developing responsive, mobile first projects on the web.",
            "homepage": "http://getbootstrap.com",
            "keywords": [
                "JS",
                "css",
                "framework",
                "front-end",
                "less",
                "mobile-first",
                "responsive",
                "web"
            ],
            "time": "2015-03-16 15:44:41"
        }
    ],
    "packages-dev": [],
    "aliases": [],
    "minimum-stability": "stable",
    "stability-flags": {
        "crisu83/yiistrap": 20
    },
    "prefer-stable": false,
    "prefer-lowest": false,
    "platform": [],
    "platform-dev": []
}
